
Microsoft Visual Studio Solution File, Format Version 12.00
# Visual Studio Version 16
VisualStudioVersion = 16.0.30225.117
MinimumVisualStudioVersion = 10.0.40219.1
Project("{9A19103F-16F7-4668-BE54-9A1E7A4F7556}") = "PricingService.API", "PricingService.API\PricingService.API.csproj", "{5357083A-17C8-4577-B6FB-19E010275747}"
EndProject
Project("{9A19103F-16F7-4668-BE54-9A1E7A4F7556}") = "PricingService.Application", "PricingService.Application\PricingService.Application.csproj", "{614D6C61-0B53-4892-B41F-764FCF0CEA21}"
EndProject
Project("{9A19103F-16F7-4668-BE54-9A1E7A4F7556}") = "PricingService.Domain", "PricingService.Domain\PricingService.Domain.csproj", "{8FE72305-B872-40B5-A866-FD57D1E0ED30}"
EndProject
Project("{9A19103F-16F7-4668-BE54-9A1E7A4F7556}") = "PricingService.Infrastrucutre", "PricingService.Infrastrucutre\PricingService.Infrastrucutre.csproj", "{D07B72E8-2704-4151-AE1C-FE7046D71BC8}"
EndProject
Global
	GlobalSection(SolutionConfigurationPlatforms) = preSolution
		Debug|Any CPU = Debug|Any CPU
		Release|Any CPU = Release|Any CPU
	EndGlobalSection
	GlobalSection(ProjectConfigurationPlatforms) = postSolution
		{5357083A-17C8-4577-B6FB-19E010275747}.Debug|Any CPU.ActiveCfg = Debug|Any CPU
		{5357083A-17C8-4577-B6FB-19E010275747}.Debug|Any CPU.Build.0 = Debug|Any CPU
		{5357083A-17C8-4577-B6FB-19E010275747}.Release|Any CPU.ActiveCfg = Release|Any CPU
		{5357083A-17C8-4577-B6FB-19E010275747}.Release|Any CPU.Build.0 = Release|Any CPU
		{614D6C61-0B53-4892-B41F-764FCF0CEA21}.Debug|Any CPU.ActiveCfg = Debug|Any CPU
		{614D6C61-0B53-4892-B41F-764FCF0CEA21}.Debug|Any CPU.Build.0 = Debug|Any CPU
		{614D6C61-0B53-4892-B41F-764FCF0CEA21}.Release|Any CPU.ActiveCfg = Release|Any CPU
		{614D6C61-0B53-4892-B41F-764FCF0CEA21}.Release|Any CPU.Build.0 = Release|Any CPU
		{8FE72305-B872-40B5-A866-FD57D1E0ED30}.Debug|Any CPU.ActiveCfg = Debug|Any CPU
		{8FE72305-B872-40B5-A866-FD57D1E0ED30}.Debug|Any CPU.Build.0 = Debug|Any CPU
		{8FE72305-B872-40B5-A866-FD57D1E0ED30}.Release|Any CPU.ActiveCfg = Release|Any CPU
		{8FE72305-B872-40B5-A866-FD57D1E0ED30}.Release|Any CPU.Build.0 = Release|Any CPU
		{D07B72E8-2704-4151-AE1C-FE7046D71BC8}.Debug|Any CPU.ActiveCfg = Debug|Any CPU
		{D07B72E8-2704-4151-AE1C-FE7046D71BC8}.Debug|Any CPU.Build.0 = Debug|Any CPU
		{D07B72E8-2704-4151-AE1C-FE7046D71BC8}.Release|Any CPU.ActiveCfg = Release|Any CPU
		{D07B72E8-2704-4151-AE1C-FE7046D71BC8}.Release|Any CPU.Build.0 = Release|Any CPU
	EndGlobalSection
	GlobalSection(SolutionProperties) = preSolution
		HideSolutionNode = FALSE
	EndGlobalSection
	GlobalSection(ExtensibilityGlobals) = postSolution
		SolutionGuid = {E4EEAE80-50FB-4CEE-BD54-E6F7C4FAE278}
	EndGlobalSection
EndGlobal
